# This file is automatically @generated by Cargo.
# It is not intended for manual editing.
version = 3

[[package]]
name = "aho-corasick"
version = "0.7.18"
source = "registry+https://github.com/rust-lang/crates.io-index"
checksum = "1e37cfd5e7657ada45f742d6e99ca5788580b5c529dc78faf11ece6dc702656f"
dependencies = [
 "memchr",
]

[[package]]
name = "autocfg"
version = "0.1.5"
source = "registry+https://github.com/rust-lang/crates.io-index"
checksum = "22130e92352b948e7e82a49cdb0aa94f2211761117f29e052dd397c1ac33542b"

[[package]]
name = "cfg-if"
version = "0.1.9"
source = "registry+https://github.com/rust-lang/crates.io-index"
checksum = "b486ce3ccf7ffd79fdeb678eac06a9e6c09fc88d33836340becb8fffe87c5e33"

[[package]]
name = "ctor"
version = "0.1.9"
source = "registry+https://github.com/rust-lang/crates.io-index"
checksum = "3b4c17619643c1252b5f690084b82639dd7fac141c57c8e77a00e0148132092c"
dependencies = [
 "quote",
 "syn",
]

[[package]]
name = "either"
version = "1.5.2"
source = "registry+https://github.com/rust-lang/crates.io-index"
checksum = "5527cfe0d098f36e3f8839852688e63c8fff1c90b2b405aef730615f9a7bcf7b"

[[package]]
name = "ghost"
version = "0.1.0"
source = "registry+https://github.com/rust-lang/crates.io-index"
checksum = "5297b71943dc9fea26a3241b178c140ee215798b7f79f7773fd61683e25bca74"
dependencies = [
 "proc-macro2",
 "quote",
 "syn",
]

[[package]]
name = "grasp_baseline"
version = "0.1.0"
dependencies = [
 "inline-python",
 "numpy",
 "pyo3",
]

[[package]]
name = "inline-python"
version = "0.3.1"
source = "registry+https://github.com/rust-lang/crates.io-index"
checksum = "085c81316bab51be7f7e3ed83a8aaf1fa1680e8e7c07fefc0304aca12e7adcc9"
dependencies = [
 "inline-python-macros",
 "pyo3",
]

[[package]]
name = "inline-python-macros"
version = "0.3.1"
source = "registry+https://github.com/rust-lang/crates.io-index"
checksum = "a57469b3bf5cf00327c5ae20106a68bb4e8e959deb5b0442893c4c49ae46d0bd"
dependencies = [
 "proc-macro2",
 "pyo3",
 "quote",
 "syn",
]

[[package]]
name = "inventory"
version = "0.1.3"
source = "registry+https://github.com/rust-lang/crates.io-index"
checksum = "21df85981fe094480bc2267723d3dc0fd1ae0d1f136affc659b7398be615d922"
dependencies = [
 "ctor",
 "ghost",
 "inventory-impl",
]

[[package]]
name = "inventory-impl"
version = "0.1.3"
source = "registry+https://github.com/rust-lang/crates.io-index"
checksum = "8a877ae8bce77402d5e9ed870730939e097aad827b2a932b361958fa9d6e75aa"
dependencies = [
 "proc-macro2",
 "quote",
 "syn",
]

[[package]]
name = "itertools"
version = "0.7.11"
source = "registry+https://github.com/rust-lang/crates.io-index"
checksum = "0d47946d458e94a1b7bcabbf6521ea7c037062c81f534615abcad76e84d4970d"
dependencies = [
 "either",
]

[[package]]
name = "libc"
version = "0.2.60"
source = "registry+https://github.com/rust-lang/crates.io-index"
checksum = "d44e80633f007889c7eff624b709ab43c92d708caad982295768a7b13ca3b5eb"

[[package]]
name = "mashup"
version = "0.1.9"
source = "registry+https://github.com/rust-lang/crates.io-index"
checksum = "f2d82b34c7fb11bb41719465c060589e291d505ca4735ea30016a91f6fc79c3b"
dependencies = [
 "mashup-impl",
 "proc-macro-hack",
]

[[package]]
name = "mashup-impl"
version = "0.1.9"
source = "registry+https://github.com/rust-lang/crates.io-index"
checksum = "aa607bfb674b4efb310512527d64266b065de3f894fc52f84efcbf7eaa5965fb"
dependencies = [
 "proc-macro-hack",
 "proc-macro2",
]

[[package]]
name = "matrixmultiply"
version = "0.1.15"
source = "registry+https://github.com/rust-lang/crates.io-index"
checksum = "dcad67dcec2d58ff56f6292582377e6921afdf3bfbd533e26fb8900ae575e002"
dependencies = [
 "rawpointer",
]

[[package]]
name = "memchr"
version = "2.5.0"
source = "registry+https://github.com/rust-lang/crates.io-index"
checksum = "2dffe52ecf27772e601905b7522cb4ef790d2cc203488bbd0e2fe85fcb74566d"

[[package]]
name = "ndarray"
version = "0.12.1"
source = "registry+https://github.com/rust-lang/crates.io-index"
checksum = "7cf380a8af901ad627594013a3bbac903ae0a6f94e176e47e46b5bbc1877b928"
dependencies = [
 "itertools",
 "matrixmultiply",
 "num-complex",
 "num-traits",
]

[[package]]
name = "num-complex"
version = "0.2.3"
source = "registry+https://github.com/rust-lang/crates.io-index"
checksum = "fcb0cf31fb3ff77e6d2a6ebd6800df7fdcd106f2ad89113c9130bcd07f93dffc"
dependencies = [
 "autocfg",
 "num-traits",
]

[[package]]
name = "num-traits"
version = "0.2.8"
source = "registry+https://github.com/rust-lang/crates.io-index"
checksum = "6ba9a427cfca2be13aa6f6403b0b7e7368fe982bfa16fccc450ce74c46cd9b32"
dependencies = [
 "autocfg",
]

[[package]]
name = "numpy"
version = "0.6.0"
source = "registry+https://github.com/rust-lang/crates.io-index"
checksum = "b8aee6953fb9165b93853f82033ec9ab6ce23129eb864c4f8a709a86a242b075"
dependencies = [
 "cfg-if",
 "libc",
 "ndarray",
 "num-complex",
 "num-traits",
 "pyo3",
]

[[package]]
name = "proc-macro-hack"
version = "0.4.2"
source = "registry+https://github.com/rust-lang/crates.io-index"
checksum = "463bf29e7f11344e58c9e01f171470ab15c925c6822ad75028cc1c0e1d1eb63b"
dependencies = [
 "proc-macro-hack-impl",
]

[[package]]
name = "proc-macro-hack-impl"
version = "0.4.2"
source = "registry+https://github.com/rust-lang/crates.io-index"
checksum = "38c47dcb1594802de8c02f3b899e2018c78291168a22c281be21ea0fb4796842"

[[package]]
name = "proc-macro2"
version = "0.4.30"
source = "registry+https://github.com/rust-lang/crates.io-index"
checksum = "cf3d2011ab5c909338f7887f4fc896d35932e29146c12c8d01da6b22a80ba759"
dependencies = [
 "unicode-xid",
]

[[package]]
name = "pyo3"
version = "0.7.0"
source = "registry+https://github.com/rust-lang/crates.io-index"
checksum = "d09e6e2d3fa5ae1a8af694f865e03e763e730768b16e3097851ff0b7f2276086"
dependencies = [
 "inventory",
 "libc",
 "mashup",
 "num-traits",
 "pyo3cls",
 "regex",
 "spin",
 "version_check",
]

[[package]]
name = "pyo3-derive-backend"
version = "0.7.0"
source = "registry+https://github.com/rust-lang/crates.io-index"
checksum = "d9d7ae8ab3017515cd7c82d88ce49b55e12a56c602dc69993e123da45c91b186"
dependencies = [
 "proc-macro2",
 "quote",
 "syn",
]

[[package]]
name = "pyo3cls"
version = "0.7.0"
source = "registry+https://github.com/rust-lang/crates.io-index"
checksum = "c494f8161f5b73096cc50f00fbb90fe670f476cde5e59c1decff39b546d54f40"
dependencies = [
 "proc-macro2",
 "pyo3-derive-backend",
 "quote",
 "syn",
]

[[package]]
name = "quote"
version = "0.6.13"
source = "registry+https://github.com/rust-lang/crates.io-index"
checksum = "6ce23b6b870e8f94f81fb0a363d65d86675884b34a09043c81e5562f11c1f8e1"
dependencies = [
 "proc-macro2",
]

[[package]]
name = "rawpointer"
version = "0.1.0"
source = "registry+https://github.com/rust-lang/crates.io-index"
checksum = "ebac11a9d2e11f2af219b8b8d833b76b1ea0e054aa0e8d8e9e4cbde353bdf019"

[[package]]
name = "regex"
version = "1.5.6"
source = "registry+https://github.com/rust-lang/crates.io-index"
checksum = "d83f127d94bdbcda4c8cc2e50f6f84f4b611f69c902699ca385a39c3a75f9ff1"
dependencies = [
 "aho-corasick",
 "memchr",
 "regex-syntax",
]

[[package]]
name = "regex-syntax"
version = "0.6.26"
source = "registry+https://github.com/rust-lang/crates.io-index"
checksum = "49b3de9ec5dc0a3417da371aab17d729997c15010e7fd24ff707773a33bddb64"

[[package]]
name = "spin"
version = "0.5.0"
source = "registry+https://github.com/rust-lang/crates.io-index"
checksum = "44363f6f51401c34e7be73db0db371c04705d35efbe9f7d6082e03a921a32c55"

[[package]]
name = "syn"
version = "0.15.42"
source = "registry+https://github.com/rust-lang/crates.io-index"
checksum = "eadc09306ca51a40555dd6fc2b415538e9e18bc9f870e47b1a524a79fe2dcf5e"
dependencies = [
 "proc-macro2",
 "quote",
 "unicode-xid",
]

[[package]]
name = "unicode-xid"
version = "0.1.0"
source = "registry+https://github.com/rust-lang/crates.io-index"
checksum = "fc72304796d0818e357ead4e000d19c9c174ab23dc11093ac919054d20a6a7fc"

[[package]]
name = "version_check"
version = "0.1.5"
source = "registry+https://github.com/rust-lang/crates.io-index"
checksum = "914b1a6776c4c929a602fafd8bc742e06365d4bcbe48c30f9cca5824f70dc9dd"
